
Microsoft Visual Studio Solution File, Format Version 12.00
# Visual Studio Version 16
VisualStudioVersion = 16.0.31025.194
MinimumVisualStudioVersion = 10.0.40219.1
Project("{FAE04EC0-301F-11D3-BF4B-00C04F79EFBC}") = "24 (FlyBodyInSky)", "24 (FlyBodyInSky).csproj", "{BC1B3A2A-839B-40C2-9D22-A58CCC6CE9E1}"
EndProject
Global
	GlobalSection(SolutionConfigurationPlatforms) = preSolution
		Debug|Any CPU = Debug|Any CPU
		Release|Any CPU = Release|Any CPU
	EndGlobalSection
	GlobalSection(ProjectConfigurationPlatforms) = postSolution
		{BC1B3A2A-839B-40C2-9D22-A58CCC6CE9E1}.Debug|Any CPU.ActiveCfg = Debug|Any CPU
		{BC1B3A2A-839B-40C2-9D22-A58CCC6CE9E1}.Debug|Any CPU.Build.0 = Debug|Any CPU
		{BC1B3A2A-839B-40C2-9D22-A58CCC6CE9E1}.Release|Any CPU.ActiveCfg = Release|Any CPU
		{BC1B3A2A-839B-40C2-9D22-A58CCC6CE9E1}.Release|Any CPU.Build.0 = Release|Any CPU
	EndGlobalSection
	GlobalSection(SolutionProperties) = preSolution
		HideSolutionNode = FALSE
	EndGlobalSection
	GlobalSection(ExtensibilityGlobals) = postSolution
		SolutionGuid = {C89C77FD-C211-4F02-9D93-BA2320F65E90}
	EndGlobalSection
EndGlobal
